
Microsoft Visual Studio Solution File, Format Version 12.00
# Visual Studio Version 16
VisualStudioVersion = 16.0.29519.181
MinimumVisualStudioVersion = 10.0.40219.1
Project("{8BC9CEB8-8B4A-11D0-8D11-00A0C91BC942}") = "algorithm_linkedList", "algorithm_linkedList\algorithm_linkedList.vcxproj", "{F1163282-E017-494C-85AB-F6EF7D3D6AED}"
EndProject
Global
	GlobalSection(SolutionConfigurationPlatforms) = preSolution
		Debug|x64 = Debug|x64
		Debug|x86 = Debug|x86
		Release|x64 = Release|x64
		Release|x86 = Release|x86
	EndGlobalSection
	GlobalSection(ProjectConfigurationPlatforms) = postSolution
		{F1163282-E017-494C-85AB-F6EF7D3D6AED}.Debug|x64.ActiveCfg = Debug|x64
		{F1163282-E017-494C-85AB-F6EF7D3D6AED}.Debug|x64.Build.0 = Debug|x64
		{F1163282-E017-494C-85AB-F6EF7D3D6AED}.Debug|x86.ActiveCfg = Debug|Win32
		{F1163282-E017-494C-85AB-F6EF7D3D6AED}.Debug|x86.Build.0 = Debug|Win32
		{F1163282-E017-494C-85AB-F6EF7D3D6AED}.Release|x64.ActiveCfg = Release|x64
		{F1163282-E017-494C-85AB-F6EF7D3D6AED}.Release|x64.Build.0 = Release|x64
		{F1163282-E017-494C-85AB-F6EF7D3D6AED}.Release|x86.ActiveCfg = Release|Win32
		{F1163282-E017-494C-85AB-F6EF7D3D6AED}.Release|x86.Build.0 = Release|Win32
	EndGlobalSection
	GlobalSection(SolutionProperties) = preSolution
		HideSolutionNode = FALSE
	EndGlobalSection
	GlobalSection(ExtensibilityGlobals) = postSolution
		SolutionGuid = {4A3DE414-ED07-4685-9655-C58DF4CE896D}
	EndGlobalSection
EndGlobal
